
Microsoft Visual Studio Solution File, Format Version 12.00
# Visual Studio Version 17
VisualStudioVersion = 17.12.35527.113 d17.12
MinimumVisualStudioVersion = 10.0.40219.1
Project("{FAE04EC0-301F-11D3-BF4B-00C04F79EFBC}") = "SBS_Repositories", "SBS_Repositories\SBS_Repositories.csproj", "{2B39090A-EC58-40F6-BC12-CC672607E41E}"
EndProject
Global
	GlobalSection(SolutionConfigurationPlatforms) = preSolution
		Debug|Any CPU = Debug|Any CPU
		Release|Any CPU = Release|Any CPU
	EndGlobalSection
	GlobalSection(ProjectConfigurationPlatforms) = postSolution
		{2B39090A-EC58-40F6-BC12-CC672607E41E}.Debug|Any CPU.ActiveCfg = Debug|Any CPU
		{2B39090A-EC58-40F6-BC12-CC672607E41E}.Debug|Any CPU.Build.0 = Debug|Any CPU
		{2B39090A-EC58-40F6-BC12-CC672607E41E}.Release|Any CPU.ActiveCfg = Release|Any CPU
		{2B39090A-EC58-40F6-BC12-CC672607E41E}.Release|Any CPU.Build.0 = Release|Any CPU
	EndGlobalSection
	GlobalSection(SolutionProperties) = preSolution
		HideSolutionNode = FALSE
	EndGlobalSection
EndGlobal
